{
  "version": 4,
  "terraform_version": "1.3.9",
  "serial": 8,
  "lineage": "ba9e5322-996d-6cae-15c3-13fb9603ed1b",
  "outputs": {},
  "resources": [
    {
      "mode": "data",
      "type": "digitalocean_ssh_key",
      "name": "ssh_key",
      "provider": "provider[\"registry.terraform.io/digitalocean/digitalocean\"]",
      "instances": [
        {
          "schema_version": 0,
          "attributes": {
            "fingerprint": "fb:c1:ae:8d:db:c6:ec:46:e9:21:b9:11:73:37:95:51",
            "id": 37604432,
            "name": "ssh_key",
            "public_key": "ssh-rsa AAAAB3NzaC1yc2EAAAADAQABAAABgQC1Xvrr6FXWrWlgK5MGlFEd54sVO7H2OncshrlGY9kg8rhwRCTLorxu2ZcV/MrNJaN4rm/4apLQPrkm4Jr6Z2sJTQMDanb/NyzhaOySsKVHMSMwPV3AEba7KDZPpQp4ugqh2dojh06rRUUkya77QNNLGCMKfvlSp/HEIbe4elwtEBda6SNJcJRJvs1H5dBqNZ0HghcjeGsUwDmC+hfxzH5dM32B6eGEKhNxDsS8mkUnLsqYmTfnb8AEQP2rtBa0O6B9l+03XS1HLx3KvuDQ7aNOZH6OjLGm2lno7w/U/G03nLcWprzB+fkH//qIy2tthz7mmKFD8sis15ko1q+6mjUjrcpcRcqhrHzZhKyMni69twYqJC8ZerhqZAAe+y4ap3Lwx33htJEc0b6eqtW9OE7TDvtfYg8tcvnuNNCiSvfLQJalAsn+DWZtWVGpPLkueMYhcaAE62QaQVrPEl+c/8kn7QVZO4zNdSifoRV7K8Kt7K9caAbCqrsOnzC6Kg/60gM= celsobueno@celsobueno-Vostro-260s"
          },
          "sensitive_attributes": []
        }
      ]
    },
    {
      "mode": "managed",
      "type": "digitalocean_droplet",
      "name": "web",
      "provider": "provider[\"registry.terraform.io/digitalocean/digitalocean\"]",
      "instances": [
        {
          "schema_version": 1,
          "attributes": {
            "backups": false,
            "created_at": "2023-02-22T22:45:51Z",
            "disk": 50,
            "droplet_agent": null,
            "graceful_shutdown": false,
            "id": "342178144",
            "image": "ubuntu-18-04-x64",
            "ipv4_address": "143.198.161.213",
            "ipv4_address_private": "10.116.0.3",
            "ipv6": false,
            "ipv6_address": "",
            "locked": false,
            "memory": 2048,
            "monitoring": false,
            "name": "vm-ubuntu",
            "price_hourly": 0.01786,
            "price_monthly": 12,
            "private_networking": true,
            "region": "nyc1",
            "resize_disk": true,
            "size": "s-1vcpu-2gb",
            "ssh_keys": [
              "37604432"
            ],
            "status": "active",
            "tags": [],
            "timeouts": null,
            "urn": "do:droplet:342178144",
            "user_data": null,
            "vcpus": 1,
            "volume_ids": [],
            "vpc_uuid": "744bdedf-8eaf-419f-8549-6b7180b5cf3a"
          },
          "sensitive_attributes": [],
          "private": "eyJlMmJmYjczMC1lY2FhLTExZTYtOGY4OC0zNDM2M2JjN2M0YzAiOnsiY3JlYXRlIjozNjAwMDAwMDAwMDAwLCJkZWxldGUiOjYwMDAwMDAwMDAwLCJ1cGRhdGUiOjM2MDAwMDAwMDAwMDB9LCJzY2hlbWFfdmVyc2lvbiI6IjEifQ==",
          "dependencies": [
            "data.digitalocean_ssh_key.ssh_key"
          ]
        }
      ]
    },
    {
      "mode": "managed",
      "type": "digitalocean_firewall",
      "name": "web",
      "provider": "provider[\"registry.terraform.io/digitalocean/digitalocean\"]",
      "instances": [
        {
          "schema_version": 0,
          "attributes": {
            "created_at": "2023-02-22T22:52:25Z",
            "droplet_ids": [
              342178144
            ],
            "id": "ea37a812-428e-4f27-b4fd-e9fddf0c1c6f",
            "inbound_rule": [
              {
                "port_range": "22",
                "protocol": "tcp",
                "source_addresses": [
                  "0.0.0.0/0",
                  "::/0"
                ],
                "source_droplet_ids": [],
                "source_kubernetes_ids": [],
                "source_load_balancer_uids": [],
                "source_tags": []
              },
              {
                "port_range": "22",
                "protocol": "tcp",
                "source_addresses": [
                  "192.168.1.0/24",
                  "2002:1:2::/48"
                ],
                "source_droplet_ids": [],
                "source_kubernetes_ids": [],
                "source_load_balancer_uids": [],
                "source_tags": []
              }
            ],
            "name": "only-22-80-and-443",
            "outbound_rule": [
              {
                "destination_addresses": [
                  "0.0.0.0/0",
                  "::/0"
                ],
                "destination_droplet_ids": [],
                "destination_kubernetes_ids": [],
                "destination_load_balancer_uids": [],
                "destination_tags": [],
                "port_range": "22",
                "protocol": "tcp"
              }
            ],
            "pending_changes": [
              {
                "droplet_id": 342178144,
                "removing": false,
                "status": "waiting"
              }
            ],
            "status": "waiting",
            "tags": null
          },
          "sensitive_attributes": [],
          "private": "bnVsbA==",
          "dependencies": [
            "digitalocean_droplet.web"
          ]
        }
      ]
    }
  ],
  "check_results": null
}
